
Microsoft Visual Studio Solution File, Format Version 12.00
# Visual Studio Version 17
VisualStudioVersion = 17.8.34525.116
MinimumVisualStudioVersion = 10.0.40219.1
Project("{888888A0-9F3D-457C-B088-3A5042F75D52}") = "FriendlyGerbil_Assignment09", "FriendlyGerbil_Assignment09\FriendlyGerbil_Assignment09.pyproj", "{CF22484D-1FCD-4595-8CBC-411CF8005C59}"
EndProject
Global
	GlobalSection(SolutionConfigurationPlatforms) = preSolution
		Debug|Any CPU = Debug|Any CPU
		Release|Any CPU = Release|Any CPU
	EndGlobalSection
	GlobalSection(ProjectConfigurationPlatforms) = postSolution
		{CF22484D-1FCD-4595-8CBC-411CF8005C59}.Debug|Any CPU.ActiveCfg = Debug|Any CPU
		{CF22484D-1FCD-4595-8CBC-411CF8005C59}.Release|Any CPU.ActiveCfg = Release|Any CPU
	EndGlobalSection
	GlobalSection(SolutionProperties) = preSolution
		HideSolutionNode = FALSE
	EndGlobalSection
	GlobalSection(ExtensibilityGlobals) = postSolution
		SolutionGuid = {69EBD88C-7DCF-4409-B275-20FDA82AB1DB}
	EndGlobalSection
EndGlobal
